
Microsoft Visual Studio Solution File, Format Version 12.00
# Visual Studio 15
VisualStudioVersion = 15.0.28307.572
MinimumVisualStudioVersion = 10.0.40219.1
Project("{FAE04EC0-301F-11D3-BF4B-00C04F79EFBC}") = "BFSavingCalculator", "BFSavingCalculator\BFSavingCalculator.csproj", "{44DE75F3-FB66-412A-8D9F-2D1FE91F3618}"
EndProject
Global
	GlobalSection(SolutionConfigurationPlatforms) = preSolution
		Debug|Any CPU = Debug|Any CPU
		Release|Any CPU = Release|Any CPU
	EndGlobalSection
	GlobalSection(ProjectConfigurationPlatforms) = postSolution
		{44DE75F3-FB66-412A-8D9F-2D1FE91F3618}.Debug|Any CPU.ActiveCfg = Debug|Any CPU
		{44DE75F3-FB66-412A-8D9F-2D1FE91F3618}.Debug|Any CPU.Build.0 = Debug|Any CPU
		{44DE75F3-FB66-412A-8D9F-2D1FE91F3618}.Release|Any CPU.ActiveCfg = Release|Any CPU
		{44DE75F3-FB66-412A-8D9F-2D1FE91F3618}.Release|Any CPU.Build.0 = Release|Any CPU
	EndGlobalSection
	GlobalSection(SolutionProperties) = preSolution
		HideSolutionNode = FALSE
	EndGlobalSection
	GlobalSection(ExtensibilityGlobals) = postSolution
		SolutionGuid = {DE332C50-EDD1-4080-861D-D1F355AB6127}
	EndGlobalSection
EndGlobal
